
Microsoft Visual Studio Solution File, Format Version 12.00
Project("{FAE04EC0-301F-11D3-BF4B-00C04F79EFBC}") = "Task2", "Task.CSharpBase\Task2.csproj", "{6F47C1F4-9DCA-442E-9FDD-AC2CACAABF7C}"
EndProject
Project("{2150E333-8FDC-42A3-9474-1A3956D46DE8}") = "Task1.CSharpBase", "Task1.CSharpBase", "{C0CFA4EF-C624-4434-965F-B2788CF2D2FD}"
EndProject
Project("{FAE04EC0-301F-11D3-BF4B-00C04F79EFBC}") = "Task3", "Task3\Task3.csproj", "{DE9D255E-E264-43C3-959E-0C0492EF27C9}"
EndProject
Project("{FAE04EC0-301F-11D3-BF4B-00C04F79EFBC}") = "Task4", "Task4\Task4.csproj", "{9A40E135-30DD-436E-AAC7-6F059F9F3BEC}"
EndProject
Project("{FAE04EC0-301F-11D3-BF4B-00C04F79EFBC}") = "Task5", "Task5\Task5.csproj", "{643B4DEC-6CFB-433E-B1EC-B92770EF6D19}"
EndProject
Project("{FAE04EC0-301F-11D3-BF4B-00C04F79EFBC}") = "Task6", "Task6\Task6.csproj", "{7B2DA9FA-BC3E-4EBB-8A90-5E1A83169821}"
EndProject
Project("{FAE04EC0-301F-11D3-BF4B-00C04F79EFBC}") = "Task1А", "Task1А\Task1А.csproj", "{20DBF2A3-F303-48FE-8B3D-19064D6A5BBC}"
EndProject
Global
	GlobalSection(SolutionConfigurationPlatforms) = preSolution
		Debug|Any CPU = Debug|Any CPU
		Release|Any CPU = Release|Any CPU
	EndGlobalSection
	GlobalSection(ProjectConfigurationPlatforms) = postSolution
		{6F47C1F4-9DCA-442E-9FDD-AC2CACAABF7C}.Debug|Any CPU.ActiveCfg = Debug|Any CPU
		{6F47C1F4-9DCA-442E-9FDD-AC2CACAABF7C}.Debug|Any CPU.Build.0 = Debug|Any CPU
		{6F47C1F4-9DCA-442E-9FDD-AC2CACAABF7C}.Release|Any CPU.ActiveCfg = Release|Any CPU
		{6F47C1F4-9DCA-442E-9FDD-AC2CACAABF7C}.Release|Any CPU.Build.0 = Release|Any CPU
		{DE9D255E-E264-43C3-959E-0C0492EF27C9}.Debug|Any CPU.ActiveCfg = Debug|Any CPU
		{DE9D255E-E264-43C3-959E-0C0492EF27C9}.Debug|Any CPU.Build.0 = Debug|Any CPU
		{DE9D255E-E264-43C3-959E-0C0492EF27C9}.Release|Any CPU.ActiveCfg = Release|Any CPU
		{DE9D255E-E264-43C3-959E-0C0492EF27C9}.Release|Any CPU.Build.0 = Release|Any CPU
		{9A40E135-30DD-436E-AAC7-6F059F9F3BEC}.Debug|Any CPU.ActiveCfg = Debug|Any CPU
		{9A40E135-30DD-436E-AAC7-6F059F9F3BEC}.Debug|Any CPU.Build.0 = Debug|Any CPU
		{9A40E135-30DD-436E-AAC7-6F059F9F3BEC}.Release|Any CPU.ActiveCfg = Release|Any CPU
		{9A40E135-30DD-436E-AAC7-6F059F9F3BEC}.Release|Any CPU.Build.0 = Release|Any CPU
		{643B4DEC-6CFB-433E-B1EC-B92770EF6D19}.Debug|Any CPU.ActiveCfg = Debug|Any CPU
		{643B4DEC-6CFB-433E-B1EC-B92770EF6D19}.Debug|Any CPU.Build.0 = Debug|Any CPU
		{643B4DEC-6CFB-433E-B1EC-B92770EF6D19}.Release|Any CPU.ActiveCfg = Release|Any CPU
		{643B4DEC-6CFB-433E-B1EC-B92770EF6D19}.Release|Any CPU.Build.0 = Release|Any CPU
		{7B2DA9FA-BC3E-4EBB-8A90-5E1A83169821}.Debug|Any CPU.ActiveCfg = Debug|Any CPU
		{7B2DA9FA-BC3E-4EBB-8A90-5E1A83169821}.Debug|Any CPU.Build.0 = Debug|Any CPU
		{7B2DA9FA-BC3E-4EBB-8A90-5E1A83169821}.Release|Any CPU.ActiveCfg = Release|Any CPU
		{7B2DA9FA-BC3E-4EBB-8A90-5E1A83169821}.Release|Any CPU.Build.0 = Release|Any CPU
		{20DBF2A3-F303-48FE-8B3D-19064D6A5BBC}.Debug|Any CPU.ActiveCfg = Debug|Any CPU
		{20DBF2A3-F303-48FE-8B3D-19064D6A5BBC}.Debug|Any CPU.Build.0 = Debug|Any CPU
		{20DBF2A3-F303-48FE-8B3D-19064D6A5BBC}.Release|Any CPU.ActiveCfg = Release|Any CPU
		{20DBF2A3-F303-48FE-8B3D-19064D6A5BBC}.Release|Any CPU.Build.0 = Release|Any CPU
	EndGlobalSection
	GlobalSection(NestedProjects) = preSolution
		{6F47C1F4-9DCA-442E-9FDD-AC2CACAABF7C} = {C0CFA4EF-C624-4434-965F-B2788CF2D2FD}
		{DE9D255E-E264-43C3-959E-0C0492EF27C9} = {C0CFA4EF-C624-4434-965F-B2788CF2D2FD}
		{9A40E135-30DD-436E-AAC7-6F059F9F3BEC} = {C0CFA4EF-C624-4434-965F-B2788CF2D2FD}
		{643B4DEC-6CFB-433E-B1EC-B92770EF6D19} = {C0CFA4EF-C624-4434-965F-B2788CF2D2FD}
		{7B2DA9FA-BC3E-4EBB-8A90-5E1A83169821} = {C0CFA4EF-C624-4434-965F-B2788CF2D2FD}
		{20DBF2A3-F303-48FE-8B3D-19064D6A5BBC} = {C0CFA4EF-C624-4434-965F-B2788CF2D2FD}
	EndGlobalSection
EndGlobal
