
Microsoft Visual Studio Solution File, Format Version 12.00
Project("{FAE04EC0-301F-11D3-BF4B-00C04F79EFBC}") = "Practice1.Task2", "Task.CSharpBase\Practice1.Task2.csproj", "{6F47C1F4-9DCA-442E-9FDD-AC2CACAABF7C}"
EndProject
Project("{2150E333-8FDC-42A3-9474-1A3956D46DE8}") = "Practice1", "Practice1", "{C0CFA4EF-C624-4434-965F-B2788CF2D2FD}"
EndProject
Project("{FAE04EC0-301F-11D3-BF4B-00C04F79EFBC}") = "Practice1.Task3", "Practice1.Task3\Practice1.Task3.csproj", "{DE9D255E-E264-43C3-959E-0C0492EF27C9}"
EndProject
Project("{FAE04EC0-301F-11D3-BF4B-00C04F79EFBC}") = "Practice1.Task4", "Practice1.Task4\Practice1.Task4.csproj", "{9A40E135-30DD-436E-AAC7-6F059F9F3BEC}"
EndProject
Project("{FAE04EC0-301F-11D3-BF4B-00C04F79EFBC}") = "Practice1.Task5", "Practice1.Task5\Practice1.Task5.csproj", "{643B4DEC-6CFB-433E-B1EC-B92770EF6D19}"
EndProject
Project("{FAE04EC0-301F-11D3-BF4B-00C04F79EFBC}") = "Practice1.Task6", "Practice1.Task6\Practice1.Task6.csproj", "{7B2DA9FA-BC3E-4EBB-8A90-5E1A83169821}"
EndProject
Project("{FAE04EC0-301F-11D3-BF4B-00C04F79EFBC}") = "Practice1.Task1", "Practice1.Task1\Practice1.Task1.csproj", "{20DBF2A3-F303-48FE-8B3D-19064D6A5BBC}"
EndProject
Project("{2150E333-8FDC-42A3-9474-1A3956D46DE8}") = "Practice2", "Practice2", "{743CDD57-1624-4E87-BA96-8AF1EB70170A}"
EndProject
Project("{FAE04EC0-301F-11D3-BF4B-00C04F79EFBC}") = "Practice2.Task1", "Practice2.Task1\Practice2.Task1.csproj", "{E860A00C-1126-4621-99B9-D82F852E915B}"
EndProject
Project("{FAE04EC0-301F-11D3-BF4B-00C04F79EFBC}") = "Practice2.Task2", "Practice2.Task2\Practice2.Task2.csproj", "{A3C64A6C-809E-431C-9D1A-68F38AEE033F}"
EndProject
Project("{FAE04EC0-301F-11D3-BF4B-00C04F79EFBC}") = "Practice2.Task3", "Practice2.Task3\Practice2.Task3.csproj", "{8701B1BB-D857-446E-A47D-C4875DAEF299}"
EndProject
Project("{FAE04EC0-301F-11D3-BF4B-00C04F79EFBC}") = "Practice2.Task4", "Practice2.Task4\Practice2.Task4.csproj", "{B1D857D6-1C0F-4CE9-8B44-F4B589D1D563}"
EndProject
Project("{FAE04EC0-301F-11D3-BF4B-00C04F79EFBC}") = "Practice2.Task5", "Practice2.Task5\Practice2.Task5.csproj", "{306EAB38-48BB-4CF3-B70E-5D59144DBD25}"
EndProject
Project("{FAE04EC0-301F-11D3-BF4B-00C04F79EFBC}") = "Practice2.Task6", "Practice2.Task6\Practice2.Task6.csproj", "{C2687703-61D1-445D-9A0C-08A5E2E278D6}"
EndProject
Project("{FAE04EC0-301F-11D3-BF4B-00C04F79EFBC}") = "Practice2.Task7", "Practice2.Task7\Practice2.Task7.csproj", "{759C6DC3-63EE-4B1D-AC48-C7195B5E0DC9}"
EndProject
Project("{FAE04EC0-301F-11D3-BF4B-00C04F79EFBC}") = "Practice2.Task8", "Practice2.Task8\Practice2.Task8.csproj", "{A1DCC169-C268-4DE3-B54F-780611294922}"
EndProject
Project("{FAE04EC0-301F-11D3-BF4B-00C04F79EFBC}") = "Practice2.Task9", "Practice2.Task9\Practice2.Task9.csproj", "{67F1A199-6827-4397-A1FF-903A63C09D61}"
EndProject
Project("{2150E333-8FDC-42A3-9474-1A3956D46DE8}") = "Home_work", "Home_work", "{F3ADC6AB-676F-4555-A459-7B64ED8627BF}"
EndProject
Project("{FAE04EC0-301F-11D3-BF4B-00C04F79EFBC}") = "Home_work2", "Home_work2\Home_work2.csproj", "{BBE949F5-965B-4396-9E19-E9A576BE35DE}"
EndProject
Project("{FAE04EC0-301F-11D3-BF4B-00C04F79EFBC}") = "Practice2.Task10", "Practice2.Task10\Practice2.Task10.csproj", "{11B69F22-32EA-4066-AF1D-5C72A7440D6C}"
EndProject
Project("{FAE04EC0-301F-11D3-BF4B-00C04F79EFBC}") = "Practice2.Task11", "Practice2.Task11\Practice2.Task11.csproj", "{236D4193-4EF5-4917-B366-73955AF003A5}"
EndProject
Project("{FAE04EC0-301F-11D3-BF4B-00C04F79EFBC}") = "Practice2.Task12", "Practice2.Task12\Practice2.Task12.csproj", "{4933BE62-A747-4529-BFF1-9C5D874EC683}"
EndProject
Project("{FAE04EC0-301F-11D3-BF4B-00C04F79EFBC}") = "Practice2.Task13", "Practice2.Task13\Practice2.Task13.csproj", "{BED96581-C10B-4762-B836-FCA0FF0CB8E2}"
EndProject
Project("{FAE04EC0-301F-11D3-BF4B-00C04F79EFBC}") = "Practice2.Task14", "Practice2.Task14\Practice2.Task14.csproj", "{9D66017B-3C7E-49AE-A5F7-2B55D6389656}"
EndProject
Project("{FAE04EC0-301F-11D3-BF4B-00C04F79EFBC}") = "Practice2.Task15", "Practice2.Task15\Practice2.Task15.csproj", "{8A5AFD1C-8B39-41C7-B403-8B9B8A57B813}"
EndProject
Project("{FAE04EC0-301F-11D3-BF4B-00C04F79EFBC}") = "Practice2.Task16", "Practice2.Task16\Practice2.Task16.csproj", "{90283BE7-DAD4-419C-9C3C-7FEE5C0522E7}"
EndProject
Project("{2150E333-8FDC-42A3-9474-1A3956D46DE8}") = "Practice3", "Practice3", "{4C22AD18-7289-41F4-A4CC-A3B5103020AD}"
EndProject
Project("{FAE04EC0-301F-11D3-BF4B-00C04F79EFBC}") = "Practice3_Task1", "Practice3_Task1\Practice3_Task1.csproj", "{31ABA76C-3AFA-48DD-BBC3-EF07EFFEE3BA}"
EndProject
Project("{FAE04EC0-301F-11D3-BF4B-00C04F79EFBC}") = "Practice3_Task2", "Practice3_Task2\Practice3_Task2.csproj", "{3FBDF890-A107-49D9-8F60-28792D7FAA0C}"
EndProject
Project("{FAE04EC0-301F-11D3-BF4B-00C04F79EFBC}") = "Practice3.Task3", "Practice3.Task3\Practice3.Task3.csproj", "{DDF4133C-303C-42B2-9D03-CCBEC51A76C1}"
EndProject
Project("{FAE04EC0-301F-11D3-BF4B-00C04F79EFBC}") = "Practice3_Task5", "Practice3_Task5\Practice3_Task5.csproj", "{7134F4C9-AA8E-4397-BC67-BDB652FF455E}"
EndProject
Project("{2150E333-8FDC-42A3-9474-1A3956D46DE8}") = "Practice4", "Practice4", "{405878EE-D9E5-4F4C-BC5E-3C84E27E0A54}"
EndProject
Project("{FAE04EC0-301F-11D3-BF4B-00C04F79EFBC}") = "Practice4_Task_2", "Practice4_Task_2\Practice4_Task_2.csproj", "{519BDA53-4CF0-4F3B-B87E-2D8038CEA211}"
EndProject
Project("{FAE04EC0-301F-11D3-BF4B-00C04F79EFBC}") = "ClassLibrary1", "ClassLibrary1\ClassLibrary1.csproj", "{6E26E70E-5CCC-401A-ABD7-C0601391F10A}"
EndProject
Project("{FAE04EC0-301F-11D3-BF4B-00C04F79EFBC}") = "ClassLibrary2", "ClassLibrary2\ClassLibrary2.csproj", "{14CE44B6-DE0E-4DB1-A0C5-00A71448F363}"
EndProject
Project("{2150E333-8FDC-42A3-9474-1A3956D46DE8}") = "Practice5", "Practice5", "{0CC0BC6A-CC91-4239-8D0A-CBB7280F0A20}"
EndProject
Project("{FAE04EC0-301F-11D3-BF4B-00C04F79EFBC}") = "Practice_5_Task1", "Practice_5_Task1\Practice_5_Task1.csproj", "{17CCFB5A-0CA3-4407-9806-28B926127FA4}"
EndProject
Global
	GlobalSection(SolutionConfigurationPlatforms) = preSolution
		Debug|Any CPU = Debug|Any CPU
		Release|Any CPU = Release|Any CPU
	EndGlobalSection
	GlobalSection(ProjectConfigurationPlatforms) = postSolution
		{6F47C1F4-9DCA-442E-9FDD-AC2CACAABF7C}.Debug|Any CPU.ActiveCfg = Debug|Any CPU
		{6F47C1F4-9DCA-442E-9FDD-AC2CACAABF7C}.Debug|Any CPU.Build.0 = Debug|Any CPU
		{6F47C1F4-9DCA-442E-9FDD-AC2CACAABF7C}.Release|Any CPU.ActiveCfg = Release|Any CPU
		{6F47C1F4-9DCA-442E-9FDD-AC2CACAABF7C}.Release|Any CPU.Build.0 = Release|Any CPU
		{DE9D255E-E264-43C3-959E-0C0492EF27C9}.Debug|Any CPU.ActiveCfg = Debug|Any CPU
		{DE9D255E-E264-43C3-959E-0C0492EF27C9}.Debug|Any CPU.Build.0 = Debug|Any CPU
		{DE9D255E-E264-43C3-959E-0C0492EF27C9}.Release|Any CPU.ActiveCfg = Release|Any CPU
		{DE9D255E-E264-43C3-959E-0C0492EF27C9}.Release|Any CPU.Build.0 = Release|Any CPU
		{9A40E135-30DD-436E-AAC7-6F059F9F3BEC}.Debug|Any CPU.ActiveCfg = Debug|Any CPU
		{9A40E135-30DD-436E-AAC7-6F059F9F3BEC}.Debug|Any CPU.Build.0 = Debug|Any CPU
		{9A40E135-30DD-436E-AAC7-6F059F9F3BEC}.Release|Any CPU.ActiveCfg = Release|Any CPU
		{9A40E135-30DD-436E-AAC7-6F059F9F3BEC}.Release|Any CPU.Build.0 = Release|Any CPU
		{643B4DEC-6CFB-433E-B1EC-B92770EF6D19}.Debug|Any CPU.ActiveCfg = Debug|Any CPU
		{643B4DEC-6CFB-433E-B1EC-B92770EF6D19}.Debug|Any CPU.Build.0 = Debug|Any CPU
		{643B4DEC-6CFB-433E-B1EC-B92770EF6D19}.Release|Any CPU.ActiveCfg = Release|Any CPU
		{643B4DEC-6CFB-433E-B1EC-B92770EF6D19}.Release|Any CPU.Build.0 = Release|Any CPU
		{7B2DA9FA-BC3E-4EBB-8A90-5E1A83169821}.Debug|Any CPU.ActiveCfg = Debug|Any CPU
		{7B2DA9FA-BC3E-4EBB-8A90-5E1A83169821}.Debug|Any CPU.Build.0 = Debug|Any CPU
		{7B2DA9FA-BC3E-4EBB-8A90-5E1A83169821}.Release|Any CPU.ActiveCfg = Release|Any CPU
		{7B2DA9FA-BC3E-4EBB-8A90-5E1A83169821}.Release|Any CPU.Build.0 = Release|Any CPU
		{20DBF2A3-F303-48FE-8B3D-19064D6A5BBC}.Debug|Any CPU.ActiveCfg = Debug|Any CPU
		{20DBF2A3-F303-48FE-8B3D-19064D6A5BBC}.Debug|Any CPU.Build.0 = Debug|Any CPU
		{20DBF2A3-F303-48FE-8B3D-19064D6A5BBC}.Release|Any CPU.ActiveCfg = Release|Any CPU
		{20DBF2A3-F303-48FE-8B3D-19064D6A5BBC}.Release|Any CPU.Build.0 = Release|Any CPU
		{E860A00C-1126-4621-99B9-D82F852E915B}.Debug|Any CPU.ActiveCfg = Debug|Any CPU
		{E860A00C-1126-4621-99B9-D82F852E915B}.Debug|Any CPU.Build.0 = Debug|Any CPU
		{E860A00C-1126-4621-99B9-D82F852E915B}.Release|Any CPU.ActiveCfg = Release|Any CPU
		{E860A00C-1126-4621-99B9-D82F852E915B}.Release|Any CPU.Build.0 = Release|Any CPU
		{A3C64A6C-809E-431C-9D1A-68F38AEE033F}.Debug|Any CPU.ActiveCfg = Debug|Any CPU
		{A3C64A6C-809E-431C-9D1A-68F38AEE033F}.Debug|Any CPU.Build.0 = Debug|Any CPU
		{A3C64A6C-809E-431C-9D1A-68F38AEE033F}.Release|Any CPU.ActiveCfg = Release|Any CPU
		{A3C64A6C-809E-431C-9D1A-68F38AEE033F}.Release|Any CPU.Build.0 = Release|Any CPU
		{8701B1BB-D857-446E-A47D-C4875DAEF299}.Debug|Any CPU.ActiveCfg = Debug|Any CPU
		{8701B1BB-D857-446E-A47D-C4875DAEF299}.Debug|Any CPU.Build.0 = Debug|Any CPU
		{8701B1BB-D857-446E-A47D-C4875DAEF299}.Release|Any CPU.ActiveCfg = Release|Any CPU
		{8701B1BB-D857-446E-A47D-C4875DAEF299}.Release|Any CPU.Build.0 = Release|Any CPU
		{B1D857D6-1C0F-4CE9-8B44-F4B589D1D563}.Debug|Any CPU.ActiveCfg = Debug|Any CPU
		{B1D857D6-1C0F-4CE9-8B44-F4B589D1D563}.Debug|Any CPU.Build.0 = Debug|Any CPU
		{B1D857D6-1C0F-4CE9-8B44-F4B589D1D563}.Release|Any CPU.ActiveCfg = Release|Any CPU
		{B1D857D6-1C0F-4CE9-8B44-F4B589D1D563}.Release|Any CPU.Build.0 = Release|Any CPU
		{306EAB38-48BB-4CF3-B70E-5D59144DBD25}.Debug|Any CPU.ActiveCfg = Debug|Any CPU
		{306EAB38-48BB-4CF3-B70E-5D59144DBD25}.Debug|Any CPU.Build.0 = Debug|Any CPU
		{306EAB38-48BB-4CF3-B70E-5D59144DBD25}.Release|Any CPU.ActiveCfg = Release|Any CPU
		{306EAB38-48BB-4CF3-B70E-5D59144DBD25}.Release|Any CPU.Build.0 = Release|Any CPU
		{C2687703-61D1-445D-9A0C-08A5E2E278D6}.Debug|Any CPU.ActiveCfg = Debug|Any CPU
		{C2687703-61D1-445D-9A0C-08A5E2E278D6}.Debug|Any CPU.Build.0 = Debug|Any CPU
		{C2687703-61D1-445D-9A0C-08A5E2E278D6}.Release|Any CPU.ActiveCfg = Release|Any CPU
		{C2687703-61D1-445D-9A0C-08A5E2E278D6}.Release|Any CPU.Build.0 = Release|Any CPU
		{759C6DC3-63EE-4B1D-AC48-C7195B5E0DC9}.Debug|Any CPU.ActiveCfg = Debug|Any CPU
		{759C6DC3-63EE-4B1D-AC48-C7195B5E0DC9}.Debug|Any CPU.Build.0 = Debug|Any CPU
		{759C6DC3-63EE-4B1D-AC48-C7195B5E0DC9}.Release|Any CPU.ActiveCfg = Release|Any CPU
		{759C6DC3-63EE-4B1D-AC48-C7195B5E0DC9}.Release|Any CPU.Build.0 = Release|Any CPU
		{A1DCC169-C268-4DE3-B54F-780611294922}.Debug|Any CPU.ActiveCfg = Debug|Any CPU
		{A1DCC169-C268-4DE3-B54F-780611294922}.Debug|Any CPU.Build.0 = Debug|Any CPU
		{A1DCC169-C268-4DE3-B54F-780611294922}.Release|Any CPU.ActiveCfg = Release|Any CPU
		{A1DCC169-C268-4DE3-B54F-780611294922}.Release|Any CPU.Build.0 = Release|Any CPU
		{67F1A199-6827-4397-A1FF-903A63C09D61}.Debug|Any CPU.ActiveCfg = Debug|Any CPU
		{67F1A199-6827-4397-A1FF-903A63C09D61}.Debug|Any CPU.Build.0 = Debug|Any CPU
		{67F1A199-6827-4397-A1FF-903A63C09D61}.Release|Any CPU.ActiveCfg = Release|Any CPU
		{67F1A199-6827-4397-A1FF-903A63C09D61}.Release|Any CPU.Build.0 = Release|Any CPU
		{BBE949F5-965B-4396-9E19-E9A576BE35DE}.Debug|Any CPU.ActiveCfg = Debug|Any CPU
		{BBE949F5-965B-4396-9E19-E9A576BE35DE}.Debug|Any CPU.Build.0 = Debug|Any CPU
		{BBE949F5-965B-4396-9E19-E9A576BE35DE}.Release|Any CPU.ActiveCfg = Release|Any CPU
		{BBE949F5-965B-4396-9E19-E9A576BE35DE}.Release|Any CPU.Build.0 = Release|Any CPU
		{11B69F22-32EA-4066-AF1D-5C72A7440D6C}.Debug|Any CPU.ActiveCfg = Debug|Any CPU
		{11B69F22-32EA-4066-AF1D-5C72A7440D6C}.Debug|Any CPU.Build.0 = Debug|Any CPU
		{11B69F22-32EA-4066-AF1D-5C72A7440D6C}.Release|Any CPU.ActiveCfg = Release|Any CPU
		{11B69F22-32EA-4066-AF1D-5C72A7440D6C}.Release|Any CPU.Build.0 = Release|Any CPU
		{236D4193-4EF5-4917-B366-73955AF003A5}.Debug|Any CPU.ActiveCfg = Debug|Any CPU
		{236D4193-4EF5-4917-B366-73955AF003A5}.Debug|Any CPU.Build.0 = Debug|Any CPU
		{236D4193-4EF5-4917-B366-73955AF003A5}.Release|Any CPU.ActiveCfg = Release|Any CPU
		{236D4193-4EF5-4917-B366-73955AF003A5}.Release|Any CPU.Build.0 = Release|Any CPU
		{4933BE62-A747-4529-BFF1-9C5D874EC683}.Debug|Any CPU.ActiveCfg = Debug|Any CPU
		{4933BE62-A747-4529-BFF1-9C5D874EC683}.Debug|Any CPU.Build.0 = Debug|Any CPU
		{4933BE62-A747-4529-BFF1-9C5D874EC683}.Release|Any CPU.ActiveCfg = Release|Any CPU
		{4933BE62-A747-4529-BFF1-9C5D874EC683}.Release|Any CPU.Build.0 = Release|Any CPU
		{BED96581-C10B-4762-B836-FCA0FF0CB8E2}.Debug|Any CPU.ActiveCfg = Debug|Any CPU
		{BED96581-C10B-4762-B836-FCA0FF0CB8E2}.Debug|Any CPU.Build.0 = Debug|Any CPU
		{BED96581-C10B-4762-B836-FCA0FF0CB8E2}.Release|Any CPU.ActiveCfg = Release|Any CPU
		{BED96581-C10B-4762-B836-FCA0FF0CB8E2}.Release|Any CPU.Build.0 = Release|Any CPU
		{9D66017B-3C7E-49AE-A5F7-2B55D6389656}.Debug|Any CPU.ActiveCfg = Debug|Any CPU
		{9D66017B-3C7E-49AE-A5F7-2B55D6389656}.Debug|Any CPU.Build.0 = Debug|Any CPU
		{9D66017B-3C7E-49AE-A5F7-2B55D6389656}.Release|Any CPU.ActiveCfg = Release|Any CPU
		{9D66017B-3C7E-49AE-A5F7-2B55D6389656}.Release|Any CPU.Build.0 = Release|Any CPU
		{8A5AFD1C-8B39-41C7-B403-8B9B8A57B813}.Debug|Any CPU.ActiveCfg = Debug|Any CPU
		{8A5AFD1C-8B39-41C7-B403-8B9B8A57B813}.Debug|Any CPU.Build.0 = Debug|Any CPU
		{8A5AFD1C-8B39-41C7-B403-8B9B8A57B813}.Release|Any CPU.ActiveCfg = Release|Any CPU
		{8A5AFD1C-8B39-41C7-B403-8B9B8A57B813}.Release|Any CPU.Build.0 = Release|Any CPU
		{90283BE7-DAD4-419C-9C3C-7FEE5C0522E7}.Debug|Any CPU.ActiveCfg = Debug|Any CPU
		{90283BE7-DAD4-419C-9C3C-7FEE5C0522E7}.Debug|Any CPU.Build.0 = Debug|Any CPU
		{90283BE7-DAD4-419C-9C3C-7FEE5C0522E7}.Release|Any CPU.ActiveCfg = Release|Any CPU
		{90283BE7-DAD4-419C-9C3C-7FEE5C0522E7}.Release|Any CPU.Build.0 = Release|Any CPU
		{31ABA76C-3AFA-48DD-BBC3-EF07EFFEE3BA}.Debug|Any CPU.ActiveCfg = Debug|Any CPU
		{31ABA76C-3AFA-48DD-BBC3-EF07EFFEE3BA}.Debug|Any CPU.Build.0 = Debug|Any CPU
		{31ABA76C-3AFA-48DD-BBC3-EF07EFFEE3BA}.Release|Any CPU.ActiveCfg = Release|Any CPU
		{31ABA76C-3AFA-48DD-BBC3-EF07EFFEE3BA}.Release|Any CPU.Build.0 = Release|Any CPU
		{3FBDF890-A107-49D9-8F60-28792D7FAA0C}.Debug|Any CPU.ActiveCfg = Debug|Any CPU
		{3FBDF890-A107-49D9-8F60-28792D7FAA0C}.Debug|Any CPU.Build.0 = Debug|Any CPU
		{3FBDF890-A107-49D9-8F60-28792D7FAA0C}.Release|Any CPU.ActiveCfg = Release|Any CPU
		{3FBDF890-A107-49D9-8F60-28792D7FAA0C}.Release|Any CPU.Build.0 = Release|Any CPU
		{DDF4133C-303C-42B2-9D03-CCBEC51A76C1}.Debug|Any CPU.ActiveCfg = Debug|Any CPU
		{DDF4133C-303C-42B2-9D03-CCBEC51A76C1}.Debug|Any CPU.Build.0 = Debug|Any CPU
		{DDF4133C-303C-42B2-9D03-CCBEC51A76C1}.Release|Any CPU.ActiveCfg = Release|Any CPU
		{DDF4133C-303C-42B2-9D03-CCBEC51A76C1}.Release|Any CPU.Build.0 = Release|Any CPU
		{7134F4C9-AA8E-4397-BC67-BDB652FF455E}.Debug|Any CPU.ActiveCfg = Debug|Any CPU
		{7134F4C9-AA8E-4397-BC67-BDB652FF455E}.Debug|Any CPU.Build.0 = Debug|Any CPU
		{7134F4C9-AA8E-4397-BC67-BDB652FF455E}.Release|Any CPU.ActiveCfg = Release|Any CPU
		{7134F4C9-AA8E-4397-BC67-BDB652FF455E}.Release|Any CPU.Build.0 = Release|Any CPU
		{519BDA53-4CF0-4F3B-B87E-2D8038CEA211}.Debug|Any CPU.ActiveCfg = Debug|Any CPU
		{519BDA53-4CF0-4F3B-B87E-2D8038CEA211}.Debug|Any CPU.Build.0 = Debug|Any CPU
		{519BDA53-4CF0-4F3B-B87E-2D8038CEA211}.Release|Any CPU.ActiveCfg = Release|Any CPU
		{519BDA53-4CF0-4F3B-B87E-2D8038CEA211}.Release|Any CPU.Build.0 = Release|Any CPU
		{6E26E70E-5CCC-401A-ABD7-C0601391F10A}.Debug|Any CPU.ActiveCfg = Debug|Any CPU
		{6E26E70E-5CCC-401A-ABD7-C0601391F10A}.Debug|Any CPU.Build.0 = Debug|Any CPU
		{6E26E70E-5CCC-401A-ABD7-C0601391F10A}.Release|Any CPU.ActiveCfg = Release|Any CPU
		{6E26E70E-5CCC-401A-ABD7-C0601391F10A}.Release|Any CPU.Build.0 = Release|Any CPU
		{14CE44B6-DE0E-4DB1-A0C5-00A71448F363}.Debug|Any CPU.ActiveCfg = Debug|Any CPU
		{14CE44B6-DE0E-4DB1-A0C5-00A71448F363}.Debug|Any CPU.Build.0 = Debug|Any CPU
		{14CE44B6-DE0E-4DB1-A0C5-00A71448F363}.Release|Any CPU.ActiveCfg = Release|Any CPU
		{14CE44B6-DE0E-4DB1-A0C5-00A71448F363}.Release|Any CPU.Build.0 = Release|Any CPU
		{17CCFB5A-0CA3-4407-9806-28B926127FA4}.Debug|Any CPU.ActiveCfg = Debug|Any CPU
		{17CCFB5A-0CA3-4407-9806-28B926127FA4}.Debug|Any CPU.Build.0 = Debug|Any CPU
		{17CCFB5A-0CA3-4407-9806-28B926127FA4}.Release|Any CPU.ActiveCfg = Release|Any CPU
		{17CCFB5A-0CA3-4407-9806-28B926127FA4}.Release|Any CPU.Build.0 = Release|Any CPU
	EndGlobalSection
	GlobalSection(NestedProjects) = preSolution
		{6F47C1F4-9DCA-442E-9FDD-AC2CACAABF7C} = {C0CFA4EF-C624-4434-965F-B2788CF2D2FD}
		{DE9D255E-E264-43C3-959E-0C0492EF27C9} = {C0CFA4EF-C624-4434-965F-B2788CF2D2FD}
		{9A40E135-30DD-436E-AAC7-6F059F9F3BEC} = {C0CFA4EF-C624-4434-965F-B2788CF2D2FD}
		{643B4DEC-6CFB-433E-B1EC-B92770EF6D19} = {C0CFA4EF-C624-4434-965F-B2788CF2D2FD}
		{7B2DA9FA-BC3E-4EBB-8A90-5E1A83169821} = {C0CFA4EF-C624-4434-965F-B2788CF2D2FD}
		{20DBF2A3-F303-48FE-8B3D-19064D6A5BBC} = {C0CFA4EF-C624-4434-965F-B2788CF2D2FD}
		{E860A00C-1126-4621-99B9-D82F852E915B} = {743CDD57-1624-4E87-BA96-8AF1EB70170A}
		{A3C64A6C-809E-431C-9D1A-68F38AEE033F} = {743CDD57-1624-4E87-BA96-8AF1EB70170A}
		{8701B1BB-D857-446E-A47D-C4875DAEF299} = {743CDD57-1624-4E87-BA96-8AF1EB70170A}
		{B1D857D6-1C0F-4CE9-8B44-F4B589D1D563} = {743CDD57-1624-4E87-BA96-8AF1EB70170A}
		{306EAB38-48BB-4CF3-B70E-5D59144DBD25} = {743CDD57-1624-4E87-BA96-8AF1EB70170A}
		{C2687703-61D1-445D-9A0C-08A5E2E278D6} = {743CDD57-1624-4E87-BA96-8AF1EB70170A}
		{759C6DC3-63EE-4B1D-AC48-C7195B5E0DC9} = {743CDD57-1624-4E87-BA96-8AF1EB70170A}
		{A1DCC169-C268-4DE3-B54F-780611294922} = {743CDD57-1624-4E87-BA96-8AF1EB70170A}
		{67F1A199-6827-4397-A1FF-903A63C09D61} = {743CDD57-1624-4E87-BA96-8AF1EB70170A}
		{BBE949F5-965B-4396-9E19-E9A576BE35DE} = {F3ADC6AB-676F-4555-A459-7B64ED8627BF}
		{11B69F22-32EA-4066-AF1D-5C72A7440D6C} = {743CDD57-1624-4E87-BA96-8AF1EB70170A}
		{236D4193-4EF5-4917-B366-73955AF003A5} = {743CDD57-1624-4E87-BA96-8AF1EB70170A}
		{4933BE62-A747-4529-BFF1-9C5D874EC683} = {743CDD57-1624-4E87-BA96-8AF1EB70170A}
		{BED96581-C10B-4762-B836-FCA0FF0CB8E2} = {743CDD57-1624-4E87-BA96-8AF1EB70170A}
		{9D66017B-3C7E-49AE-A5F7-2B55D6389656} = {743CDD57-1624-4E87-BA96-8AF1EB70170A}
		{8A5AFD1C-8B39-41C7-B403-8B9B8A57B813} = {743CDD57-1624-4E87-BA96-8AF1EB70170A}
		{90283BE7-DAD4-419C-9C3C-7FEE5C0522E7} = {743CDD57-1624-4E87-BA96-8AF1EB70170A}
		{31ABA76C-3AFA-48DD-BBC3-EF07EFFEE3BA} = {4C22AD18-7289-41F4-A4CC-A3B5103020AD}
		{3FBDF890-A107-49D9-8F60-28792D7FAA0C} = {4C22AD18-7289-41F4-A4CC-A3B5103020AD}
		{DDF4133C-303C-42B2-9D03-CCBEC51A76C1} = {4C22AD18-7289-41F4-A4CC-A3B5103020AD}
		{7134F4C9-AA8E-4397-BC67-BDB652FF455E} = {4C22AD18-7289-41F4-A4CC-A3B5103020AD}
		{519BDA53-4CF0-4F3B-B87E-2D8038CEA211} = {405878EE-D9E5-4F4C-BC5E-3C84E27E0A54}
		{6E26E70E-5CCC-401A-ABD7-C0601391F10A} = {405878EE-D9E5-4F4C-BC5E-3C84E27E0A54}
		{14CE44B6-DE0E-4DB1-A0C5-00A71448F363} = {405878EE-D9E5-4F4C-BC5E-3C84E27E0A54}
		{17CCFB5A-0CA3-4407-9806-28B926127FA4} = {0CC0BC6A-CC91-4239-8D0A-CBB7280F0A20}
	EndGlobalSection
EndGlobal
