
Microsoft Visual Studio Solution File, Format Version 12.00
Project("{FAE04EC0-301F-11D3-BF4B-00C04F79EFBC}") = "Practice5", "Practice5\Practice5.csproj", "{B6C6A6B7-2156-49E7-8610-315E9523A1AA}"
EndProject
Global
	GlobalSection(SolutionConfigurationPlatforms) = preSolution
		Debug|Any CPU = Debug|Any CPU
		Release|Any CPU = Release|Any CPU
	EndGlobalSection
	GlobalSection(ProjectConfigurationPlatforms) = postSolution
		{B6C6A6B7-2156-49E7-8610-315E9523A1AA}.Debug|Any CPU.ActiveCfg = Debug|Any CPU
		{B6C6A6B7-2156-49E7-8610-315E9523A1AA}.Debug|Any CPU.Build.0 = Debug|Any CPU
		{B6C6A6B7-2156-49E7-8610-315E9523A1AA}.Release|Any CPU.ActiveCfg = Release|Any CPU
		{B6C6A6B7-2156-49E7-8610-315E9523A1AA}.Release|Any CPU.Build.0 = Release|Any CPU
	EndGlobalSection
EndGlobal
